{
  "name": "@cfn-modules/vpc",
  "version": "2.1.0",
  "lockfileVersion": 3,
  "requires": true,
  "packages": {
    "": {
      "name": "@cfn-modules/vpc",
      "version": "2.1.0",
      "bundleDependencies": [
        "@cfn-modules/vpc-flow-log",
        "@cfn-modules/vpc-nat-gateway",
        "@cfn-modules/vpc-plain",
        "@cfn-modules/vpc-subnet"
      ],
      "license": "Apache-2.0",
      "dependencies": {
        "@cfn-modules/vpc-flow-log": "1.1.0",
        "@cfn-modules/vpc-nat-gateway": "1.1.2",
        "@cfn-modules/vpc-plain": "1.0.0",
        "@cfn-modules/vpc-subnet": "1.0.0"
      }
    },
    "node_modules/@cfn-modules/vpc-flow-log": {
      "version": "1.1.0",
      "inBundle": true,
      "license": "Apache-2.0"
    },
    "node_modules/@cfn-modules/vpc-nat-gateway": {
      "version": "1.1.2",
      "inBundle": true,
      "license": "Apache-2.0"
    },
    "node_modules/@cfn-modules/vpc-plain": {
      "version": "1.0.0",
      "inBundle": true,
      "license": "Apache-2.0"
    },
    "node_modules/@cfn-modules/vpc-subnet": {
      "version": "1.0.0",
      "inBundle": true,
      "license": "Apache-2.0"
    }
  }
}
